// !$*UTF8*$!
{
	archiveVersion = 1;
	classes = {
	};
	objectVersion = 46;
	objects = {

/* Begin PBXBuildFile section */
		09B1C8BE1D2E43B80091D414 /* main.m in Sources */ = {isa = PBXBuildFile; fileRef = 09B1C8BD1D2E43B80091D414 /* main.m */; };
		09B1C8C11D2E43B80091D414 /* AppDelegate.m in Sources */ = {isa = PBXBuildFile; fileRef = 09B1C8C01D2E43B80091D414 /* AppDelegate.m */; };
		09B1C8C71D2E43B80091D414 /* Main.storyboard in Resources */ = {isa = PBXBuildFile; fileRef = 09B1C8C51D2E43B80091D414 /* Main.storyboard */; };
		09B1C8C91D2E43B80091D414 /* Assets.xcassets in Resources */ = {isa = PBXBuildFile; fileRef = 09B1C8C81D2E43B80091D414 /* Assets.xcassets */; };
		09B1C8CC1D2E43B80091D414 /* LaunchScreen.storyboard in Resources */ = {isa = PBXBuildFile; fileRef = 09B1C8CA1D2E43B80091D414 /* LaunchScreen.storyboard */; };
		09B1C8D71D2E43B80091D414 /* SJ_UtilityClassTests.m in Sources */ = {isa = PBXBuildFile; fileRef = 09B1C8D61D2E43B80091D414 /* SJ_UtilityClassTests.m */; };
		09B1C8E21D2E43B80091D414 /* SJ_UtilityClassUITests.m in Sources */ = {isa = PBXBuildFile; fileRef = 09B1C8E11D2E43B80091D414 /* SJ_UtilityClassUITests.m */; };
		09B1C8F11D2E43EF0091D414 /* MainViewController.m in Sources */ = {isa = PBXBuildFile; fileRef = 09B1C8F01D2E43EF0091D414 /* MainViewController.m */; };
		09B1C8F71D2E48490091D414 /* CountdownViewController.m in Sources */ = {isa = PBXBuildFile; fileRef = 09B1C8F51D2E48490091D414 /* CountdownViewController.m */; };
		09B1C8F81D2E48490091D414 /* CountdownViewController.xib in Resources */ = {isa = PBXBuildFile; fileRef = 09B1C8F61D2E48490091D414 /* CountdownViewController.xib */; };
/* End PBXBuildFile section */

/* Begin PBXContainerItemProxy section */
		09B1C8D31D2E43B80091D414 /* PBXContainerItemProxy */ = {
			isa = PBXContainerItemProxy;
			containerPortal = 09B1C8B11D2E43B80091D414 /* Project object */;
			proxyType = 1;
			remoteGlobalIDString = 09B1C8B81D2E43B80091D414;
			remoteInfo = SJ_UtilityClass;
		};
		09B1C8DE1D2E43B80091D414 /* PBXContainerItemProxy */ = {
			isa = PBXContainerItemProxy;
			containerPortal = 09B1C8B11D2E43B80091D414 /* Project object */;
			proxyType = 1;
			remoteGlobalIDString = 09B1C8B81D2E43B80091D414;
			remoteInfo = SJ_UtilityClass;
		};
/* End PBXContainerItemProxy section */

/* Begin PBXFileReference section */
		09B1C8B91D2E43B80091D414 /* SJ_UtilityClass.app */ = {isa = PBXFileReference; explicitFileType = wrapper.application; includeInIndex = 0; path = SJ_UtilityClass.app; sourceTree = BUILT_PRODUCTS_DIR; };
		09B1C8BD1D2E43B80091D414 /* main.m */ = {isa = PBXFileReference; lastKnownFileType = sourcecode.c.objc; path = main.m; sourceTree = "<group>"; };
		09B1C8BF1D2E43B80091D414 /* AppDelegate.h */ = {isa = PBXFileReference; lastKnownFileType = sourcecode.c.h; path = AppDelegate.h; sourceTree = "<group>"; };
		09B1C8C01D2E43B80091D414 /* AppDelegate.m */ = {isa = PBXFileReference; lastKnownFileType = sourcecode.c.objc; path = AppDelegate.m; sourceTree = "<group>"; };
		09B1C8C61D2E43B80091D414 /* Base */ = {isa = PBXFileReference; lastKnownFileType = file.storyboard; name = Base; path = Base.lproj/Main.storyboard; sourceTree = "<group>"; };
		09B1C8C81D2E43B80091D414 /* Assets.xcassets */ = {isa = PBXFileReference; lastKnownFileType = folder.assetcatalog; path = Assets.xcassets; sourceTree = "<group>"; };
		09B1C8CB1D2E43B80091D414 /* Base */ = {isa = PBXFileReference; lastKnownFileType = file.storyboard; name = Base; path = Base.lproj/LaunchScreen.storyboard; sourceTree = "<group>"; };
		09B1C8CD1D2E43B80091D414 /* Info.plist */ = {isa = PBXFileReference; lastKnownFileType = text.plist.xml; path = Info.plist; sourceTree = "<group>"; };
		09B1C8D21D2E43B80091D414 /* SJ_UtilityClassTests.xctest */ = {isa = PBXFileReference; explicitFileType = wrapper.cfbundle; includeInIndex = 0; path = SJ_UtilityClassTests.xctest; sourceTree = BUILT_PRODUCTS_DIR; };
		09B1C8D61D2E43B80091D414 /* SJ_UtilityClassTests.m */ = {isa = PBXFileReference; lastKnownFileType = sourcecode.c.objc; path = SJ_UtilityClassTests.m; sourceTree = "<group>"; };
		09B1C8D81D2E43B80091D414 /* Info.plist */ = {isa = PBXFileReference; lastKnownFileType = text.plist.xml; path = Info.plist; sourceTree = "<group>"; };
		09B1C8DD1D2E43B80091D414 /* SJ_UtilityClassUITests.xctest */ = {isa = PBXFileReference; explicitFileType = wrapper.cfbundle; includeInIndex = 0; path = SJ_UtilityClassUITests.xctest; sourceTree = BUILT_PRODUCTS_DIR; };
		09B1C8E11D2E43B80091D414 /* SJ_UtilityClassUITests.m */ = {isa = PBXFileReference; lastKnownFileType = sourcecode.c.objc; path = SJ_UtilityClassUITests.m; sourceTree = "<group>"; };
		09B1C8E31D2E43B80091D414 /* Info.plist */ = {isa = PBXFileReference; lastKnownFileType = text.plist.xml; path = Info.plist; sourceTree = "<group>"; };
		09B1C8EF1D2E43EF0091D414 /* MainViewController.h */ = {isa = PBXFileReference; fileEncoding = 4; lastKnownFileType = sourcecode.c.h; path = MainViewController.h; sourceTree = "<group>"; };
		09B1C8F01D2E43EF0091D414 /* MainViewController.m */ = {isa = PBXFileReference; fileEncoding = 4; lastKnownFileType = sourcecode.c.objc; path = MainViewController.m; sourceTree = "<group>"; };
		09B1C8F21D2E46510091D414 /* PrefixHeader.pch */ = {isa = PBXFileReference; lastKnownFileType = sourcecode.c.h; path = PrefixHeader.pch; sourceTree = "<group>"; };
		09B1C8F41D2E48490091D414 /* CountdownViewController.h */ = {isa = PBXFileReference; fileEncoding = 4; lastKnownFileType = sourcecode.c.h; path = CountdownViewController.h; sourceTree = "<group>"; };
		09B1C8F51D2E48490091D414 /* CountdownViewController.m */ = {isa = PBXFileReference; fileEncoding = 4; lastKnownFileType = sourcecode.c.objc; path = CountdownViewController.m; sourceTree = "<group>"; };
		09B1C8F61D2E48490091D414 /* CountdownViewController.xib */ = {isa = PBXFileReference; fileEncoding = 4; lastKnownFileType = file.xib; path = CountdownViewController.xib; sourceTree = "<group>"; };
/* End PBXFileReference section */

/* Begin PBXFrameworksBuildPhase section */
		09B1C8B61D2E43B80091D414 /* Frameworks */ = {
			isa = PBXFrameworksBuildPhase;
			buildActionMask = 2147483647;
			files = (
			);
			runOnlyForDeploymentPostprocessing = 0;
		};
		09B1C8CF1D2E43B80091D414 /* Frameworks */ = {
			isa = PBXFrameworksBuildPhase;
			buildActionMask = 2147483647;
			files = (
			);
			runOnlyForDeploymentPostprocessing = 0;
		};
		09B1C8DA1D2E43B80091D414 /* Frameworks */ = {
			isa = PBXFrameworksBuildPhase;
			buildActionMask = 2147483647;
			files = (
			);
			runOnlyForDeploymentPostprocessing = 0;
		};
/* End PBXFrameworksBuildPhase section */

/* Begin PBXGroup section */
		09B1C8B01D2E43B80091D414 = {
			isa = PBXGroup;
			children = (
				09B1C8BB1D2E43B80091D414 /* SJ_UtilityClass */,
				09B1C8D51D2E43B80091D414 /* SJ_UtilityClassTests */,
				09B1C8E01D2E43B80091D414 /* SJ_UtilityClassUITests */,
				09B1C8BA1D2E43B80091D414 /* Products */,
			);
			sourceTree = "<group>";
		};
		09B1C8BA1D2E43B80091D414 /* Products */ = {
			isa = PBXGroup;
			children = (
				09B1C8B91D2E43B80091D414 /* SJ_UtilityClass.app */,
				09B1C8D21D2E43B80091D414 /* SJ_UtilityClassTests.xctest */,
				09B1C8DD1D2E43B80091D414 /* SJ_UtilityClassUITests.xctest */,
			);
			name = Products;
			sourceTree = "<group>";
		};
		09B1C8BB1D2E43B80091D414 /* SJ_UtilityClass */ = {
			isa = PBXGroup;
			children = (
				09B1C8F31D2E47BF0091D414 /* Countdown */,
				09B1C8BF1D2E43B80091D414 /* AppDelegate.h */,
				09B1C8C01D2E43B80091D414 /* AppDelegate.m */,
				09B1C8EF1D2E43EF0091D414 /* MainViewController.h */,
				09B1C8F01D2E43EF0091D414 /* MainViewController.m */,
				09B1C8C51D2E43B80091D414 /* Main.storyboard */,
				09B1C8C81D2E43B80091D414 /* Assets.xcassets */,
				09B1C8CA1D2E43B80091D414 /* LaunchScreen.storyboard */,
				09B1C8CD1D2E43B80091D414 /* Info.plist */,
				09B1C8BC1D2E43B80091D414 /* Supporting Files */,
			);
			path = SJ_UtilityClass;
			sourceTree = "<group>";
		};
		09B1C8BC1D2E43B80091D414 /* Supporting Files */ = {
			isa = PBXGroup;
			children = (
				09B1C8BD1D2E43B80091D414 /* main.m */,
				09B1C8F21D2E46510091D414 /* PrefixHeader.pch */,
			);
			name = "Supporting Files";
			sourceTree = "<group>";
		};
		09B1C8D51D2E43B80091D414 /* SJ_UtilityClassTests */ = {
			isa = PBXGroup;
			children = (
				09B1C8D61D2E43B80091D414 /* SJ_UtilityClassTests.m */,
				09B1C8D81D2E43B80091D414 /* Info.plist */,
			);
			path = SJ_UtilityClassTests;
			sourceTree = "<group>";
		};
		09B1C8E01D2E43B80091D414 /* SJ_UtilityClassUITests */ = {
			isa = PBXGroup;
			children = (
				09B1C8E11D2E43B80091D414 /* SJ_UtilityClassUITests.m */,
				09B1C8E31D2E43B80091D414 /* Info.plist */,
			);
			path = SJ_UtilityClassUITests;
			sourceTree = "<group>";
		};
		09B1C8F31D2E47BF0091D414 /* Countdown */ = {
			isa = PBXGroup;
			children = (
				09B1C8F41D2E48490091D414 /* CountdownViewController.h */,
				09B1C8F51D2E48490091D414 /* CountdownViewController.m */,
				09B1C8F61D2E48490091D414 /* CountdownViewController.xib */,
			);
			path = Countdown;
			sourceTree = "<group>";
		};
/* End PBXGroup section */

/* Begin PBXNativeTarget section */
		09B1C8B81D2E43B80091D414 /* SJ_UtilityClass */ = {
			isa = PBXNativeTarget;
			buildConfigurationList = 09B1C8E61D2E43B80091D414 /* Build configuration list for PBXNativeTarget "SJ_UtilityClass" */;
			buildPhases = (
				09B1C8B51D2E43B80091D414 /* Sources */,
				09B1C8B61D2E43B80091D414 /* Frameworks */,
				09B1C8B71D2E43B80091D414 /* Resources */,
			);
			buildRules = (
			);
			dependencies = (
			);
			name = SJ_UtilityClass;
			productName = SJ_UtilityClass;
			productReference = 09B1C8B91D2E43B80091D414 /* SJ_UtilityClass.app */;
			productType = "com.apple.product-type.application";
		};
		09B1C8D11D2E43B80091D414 /* SJ_UtilityClassTests */ = {
			isa = PBXNativeTarget;
			buildConfigurationList = 09B1C8E91D2E43B80091D414 /* Build configuration list for PBXNativeTarget "SJ_UtilityClassTests" */;
			buildPhases = (
				09B1C8CE1D2E43B80091D414 /* Sources */,
				09B1C8CF1D2E43B80091D414 /* Frameworks */,
				09B1C8D01D2E43B80091D414 /* Resources */,
			);
			buildRules = (
			);
			dependencies = (
				09B1C8D41D2E43B80091D414 /* PBXTargetDependency */,
			);
			name = SJ_UtilityClassTests;
			productName = SJ_UtilityClassTests;
			productReference = 09B1C8D21D2E43B80091D414 /* SJ_UtilityClassTests.xctest */;
			productType = "com.apple.product-type.bundle.unit-test";
		};
		09B1C8DC1D2E43B80091D414 /* SJ_UtilityClassUITests */ = {
			isa = PBXNativeTarget;
			buildConfigurationList = 09B1C8EC1D2E43B80091D414 /* Build configuration list for PBXNativeTarget "SJ_UtilityClassUITests" */;
			buildPhases = (
				09B1C8D91D2E43B80091D414 /* Sources */,
				09B1C8DA1D2E43B80091D414 /* Frameworks */,
				09B1C8DB1D2E43B80091D414 /* Resources */,
			);
			buildRules = (
			);
			dependencies = (
				09B1C8DF1D2E43B80091D414 /* PBXTargetDependency */,
			);
			name = SJ_UtilityClassUITests;
			productName = SJ_UtilityClassUITests;
			productReference = 09B1C8DD1D2E43B80091D414 /* SJ_UtilityClassUITests.xctest */;
			productType = "com.apple.product-type.bundle.ui-testing";
		};
/* End PBXNativeTarget section */

/* Begin PBXProject section */
		09B1C8B11D2E43B80091D414 /* Project object */ = {
			isa = PBXProject;
			attributes = {
				LastUpgradeCheck = 0730;
				ORGANIZATIONNAME = SPIREJ;
				TargetAttributes = {
					09B1C8B81D2E43B80091D414 = {
						CreatedOnToolsVersion = 7.3;
					};
					09B1C8D11D2E43B80091D414 = {
						CreatedOnToolsVersion = 7.3;
						TestTargetID = 09B1C8B81D2E43B80091D414;
					};
					09B1C8DC1D2E43B80091D414 = {
						CreatedOnToolsVersion = 7.3;
						TestTargetID = 09B1C8B81D2E43B80091D414;
					};
				};
			};
			buildConfigurationList = 09B1C8B41D2E43B80091D414 /* Build configuration list for PBXProject "SJ_UtilityClass" */;
			compatibilityVersion = "Xcode 3.2";
			developmentRegion = English;
			hasScannedForEncodings = 0;
			knownRegions = (
				en,
				Base,
			);
			mainGroup = 09B1C8B01D2E43B80091D414;
			productRefGroup = 09B1C8BA1D2E43B80091D414 /* Products */;
			projectDirPath = "";
			projectRoot = "";
			targets = (
				09B1C8B81D2E43B80091D414 /* SJ_UtilityClass */,
				09B1C8D11D2E43B80091D414 /* SJ_UtilityClassTests */,
				09B1C8DC1D2E43B80091D414 /* SJ_UtilityClassUITests */,
			);
		};
/* End PBXProject section */

/* Begin PBXResourcesBuildPhase section */
		09B1C8B71D2E43B80091D414 /* Resources */ = {
			isa = PBXResourcesBuildPhase;
			buildActionMask = 2147483647;
			files = (
				09B1C8F81D2E48490091D414 /* CountdownViewController.xib in Resources */,
				09B1C8CC1D2E43B80091D414 /* LaunchScreen.storyboard in Resources */,
				09B1C8C91D2E43B80091D414 /* Assets.xcassets in Resources */,
				09B1C8C71D2E43B80091D414 /* Main.storyboard in Resources */,
			);
			runOnlyForDeploymentPostprocessing = 0;
		};
		09B1C8D01D2E43B80091D414 /* Resources */ = {
			isa = PBXResourcesBuildPhase;
			buildActionMask = 2147483647;
			files = (
			);
			runOnlyForDeploymentPostprocessing = 0;
		};
		09B1C8DB1D2E43B80091D414 /* Resources */ = {
			isa = PBXResourcesBuildPhase;
			buildActionMask = 2147483647;
			files = (
			);
			runOnlyForDeploymentPostprocessing = 0;
		};
/* End PBXResourcesBuildPhase section */

/* Begin PBXSourcesBuildPhase section */
		09B1C8B51D2E43B80091D414 /* Sources */ = {
			isa = PBXSourcesBuildPhase;
			buildActionMask = 2147483647;
			files = (
				09B1C8F71D2E48490091D414 /* CountdownViewController.m in Sources */,
				09B1C8C11D2E43B80091D414 /* AppDelegate.m in Sources */,
				09B1C8F11D2E43EF0091D414 /* MainViewController.m in Sources */,
				09B1C8BE1D2E43B80091D414 /* main.m in Sources */,
			);
			runOnlyForDeploymentPostprocessing = 0;
		};
		09B1C8CE1D2E43B80091D414 /* Sources */ = {
			isa = PBXSourcesBuildPhase;
			buildActionMask = 2147483647;
			files = (
				09B1C8D71D2E43B80091D414 /* SJ_UtilityClassTests.m in Sources */,
			);
			runOnlyForDeploymentPostprocessing = 0;
		};
		09B1C8D91D2E43B80091D414 /* Sources */ = {
			isa = PBXSourcesBuildPhase;
			buildActionMask = 2147483647;
			files = (
				09B1C8E21D2E43B80091D414 /* SJ_UtilityClassUITests.m in Sources */,
			);
			runOnlyForDeploymentPostprocessing = 0;
		};
/* End PBXSourcesBuildPhase section */

/* Begin PBXTargetDependency section */
		09B1C8D41D2E43B80091D414 /* PBXTargetDependency */ = {
			isa = PBXTargetDependency;
			target = 09B1C8B81D2E43B80091D414 /* SJ_UtilityClass */;
			targetProxy = 09B1C8D31D2E43B80091D414 /* PBXContainerItemProxy */;
		};
		09B1C8DF1D2E43B80091D414 /* PBXTargetDependency */ = {
			isa = PBXTargetDependency;
			target = 09B1C8B81D2E43B80091D414 /* SJ_UtilityClass */;
			targetProxy = 09B1C8DE1D2E43B80091D414 /* PBXContainerItemProxy */;
		};
/* End PBXTargetDependency section */

/* Begin PBXVariantGroup section */
		09B1C8C51D2E43B80091D414 /* Main.storyboard */ = {
			isa = PBXVariantGroup;
			children = (
				09B1C8C61D2E43B80091D414 /* Base */,
			);
			name = Main.storyboard;
			sourceTree = "<group>";
		};
		09B1C8CA1D2E43B80091D414 /* LaunchScreen.storyboard */ = {
			isa = PBXVariantGroup;
			children = (
				09B1C8CB1D2E43B80091D414 /* Base */,
			);
			name = LaunchScreen.storyboard;
			sourceTree = "<group>";
		};
/* End PBXVariantGroup section */

/* Begin XCBuildConfiguration section */
		09B1C8E41D2E43B80091D414 /* Debug */ = {
			isa = XCBuildConfiguration;
			buildSettings = {
				ALWAYS_SEARCH_USER_PATHS = NO;
				CLANG_ANALYZER_NONNULL = YES;
				CLANG_CXX_LANGUAGE_STANDARD = "gnu++0x";
				CLANG_CXX_LIBRARY = "libc++";
				CLANG_ENABLE_MODULES = YES;
				CLANG_ENABLE_OBJC_ARC = YES;
				CLANG_WARN_BOOL_CONVERSION = YES;
				CLANG_WARN_CONSTANT_CONVERSION = YES;
				CLANG_WARN_DIRECT_OBJC_ISA_USAGE = YES_ERROR;
				CLANG_WARN_EMPTY_BODY = YES;
				CLANG_WARN_ENUM_CONVERSION = YES;
				CLANG_WARN_INT_CONVERSION = YES;
				CLANG_WARN_OBJC_ROOT_CLASS = YES_ERROR;
				CLANG_WARN_UNREACHABLE_CODE = YES;
				CLANG_WARN__DUPLICATE_METHOD_MATCH = YES;
				"CODE_SIGN_IDENTITY[sdk=iphoneos*]" = "iPhone Developer";
				COPY_PHASE_STRIP = NO;
				DEBUG_INFORMATION_FORMAT = dwarf;
				ENABLE_STRICT_OBJC_MSGSEND = YES;
				ENABLE_TESTABILITY = YES;
				GCC_C_LANGUAGE_STANDARD = gnu99;
				GCC_DYNAMIC_NO_PIC = NO;
				GCC_NO_COMMON_BLOCKS = YES;
				GCC_OPTIMIZATION_LEVEL = 0;
				GCC_PREPROCESSOR_DEFINITIONS = (
					"DEBUG=1",
					"$(inherited)",
				);
				GCC_WARN_64_TO_32_BIT_CONVERSION = YES;
				GCC_WARN_ABOUT_RETURN_TYPE = YES_ERROR;
				GCC_WARN_UNDECLARED_SELECTOR = YES;
				GCC_WARN_UNINITIALIZED_AUTOS = YES_AGGRESSIVE;
				GCC_WARN_UNUSED_FUNCTION = YES;
				GCC_WARN_UNUSED_VARIABLE = YES;
				IPHONEOS_DEPLOYMENT_TARGET = 9.3;
				MTL_ENABLE_DEBUG_INFO = YES;
				ONLY_ACTIVE_ARCH = YES;
				SDKROOT = iphoneos;
			};
			name = Debug;
		};
		09B1C8E51D2E43B80091D414 /* Release */ = {
			isa = XCBuildConfiguration;
			buildSettings = {
				ALWAYS_SEARCH_USER_PATHS = NO;
				CLANG_ANALYZER_NONNULL = YES;
				CLANG_CXX_LANGUAGE_STANDARD = "gnu++0x";
				CLANG_CXX_LIBRARY = "libc++";
				CLANG_ENABLE_MODULES = YES;
				CLANG_ENABLE_OBJC_ARC = YES;
				CLANG_WARN_BOOL_CONVERSION = YES;
				CLANG_WARN_CONSTANT_CONVERSION = YES;
				CLANG_WARN_DIRECT_OBJC_ISA_USAGE = YES_ERROR;
				CLANG_WARN_EMPTY_BODY = YES;
				CLANG_WARN_ENUM_CONVERSION = YES;
				CLANG_WARN_INT_CONVERSION = YES;
				CLANG_WARN_OBJC_ROOT_CLASS = YES_ERROR;
				CLANG_WARN_UNREACHABLE_CODE = YES;
				CLANG_WARN__DUPLICATE_METHOD_MATCH = YES;
				"CODE_SIGN_IDENTITY[sdk=iphoneos*]" = "iPhone Developer";
				COPY_PHASE_STRIP = NO;
				DEBUG_INFORMATION_FORMAT = "dwarf-with-dsym";
				ENABLE_NS_ASSERTIONS = NO;
				ENABLE_STRICT_OBJC_MSGSEND = YES;
				GCC_C_LANGUAGE_STANDARD = gnu99;
				GCC_NO_COMMON_BLOCKS = YES;
				GCC_WARN_64_TO_32_BIT_CONVERSION = YES;
				GCC_WARN_ABOUT_RETURN_TYPE = YES_ERROR;
				GCC_WARN_UNDECLARED_SELECTOR = YES;
				GCC_WARN_UNINITIALIZED_AUTOS = YES_AGGRESSIVE;
				GCC_WARN_UNUSED_FUNCTION = YES;
				GCC_WARN_UNUSED_VARIABLE = YES;
				IPHONEOS_DEPLOYMENT_TARGET = 9.3;
				MTL_ENABLE_DEBUG_INFO = NO;
				SDKROOT = iphoneos;
				VALIDATE_PRODUCT = YES;
			};
			name = Release;
		};
		09B1C8E71D2E43B80091D414 /* Debug */ = {
			isa = XCBuildConfiguration;
			buildSettings = {
				ASSETCATALOG_COMPILER_APPICON_NAME = AppIcon;
				GCC_PREFIX_HEADER = "$(SRCROOT)/SJ_UtilityClass/PrefixHeader.pch";
				INFOPLIST_FILE = SJ_UtilityClass/Info.plist;
				LD_RUNPATH_SEARCH_PATHS = "$(inherited) @executable_path/Frameworks";
				PRODUCT_BUNDLE_IDENTIFIER = "com.xs.SJ-UtilityClass";
				PRODUCT_NAME = "$(TARGET_NAME)";
			};
			name = Debug;
		};
		09B1C8E81D2E43B80091D414 /* Release */ = {
			isa = XCBuildConfiguration;
			buildSettings = {
				ASSETCATALOG_COMPILER_APPICON_NAME = AppIcon;
				GCC_PREFIX_HEADER = "$(SRCROOT)/SJ_UtilityClass/PrefixHeader.pch";
				INFOPLIST_FILE = SJ_UtilityClass/Info.plist;
				LD_RUNPATH_SEARCH_PATHS = "$(inherited) @executable_path/Frameworks";
				PRODUCT_BUNDLE_IDENTIFIER = "com.xs.SJ-UtilityClass";
				PRODUCT_NAME = "$(TARGET_NAME)";
			};
			name = Release;
		};
		09B1C8EA1D2E43B80091D414 /* Debug */ = {
			isa = XCBuildConfiguration;
			buildSettings = {
				BUNDLE_LOADER = "$(TEST_HOST)";
				INFOPLIST_FILE = SJ_UtilityClassTests/Info.plist;
				LD_RUNPATH_SEARCH_PATHS = "$(inherited) @executable_path/Frameworks @loader_path/Frameworks";
				PRODUCT_BUNDLE_IDENTIFIER = "com.xs.SJ-UtilityClassTests";
				PRODUCT_NAME = "$(TARGET_NAME)";
				TEST_HOST = "$(BUILT_PRODUCTS_DIR)/SJ_UtilityClass.app/SJ_UtilityClass";
			};
			name = Debug;
		};
		09B1C8EB1D2E43B80091D414 /* Release */ = {
			isa = XCBuildConfiguration;
			buildSettings = {
				BUNDLE_LOADER = "$(TEST_HOST)";
				INFOPLIST_FILE = SJ_UtilityClassTests/Info.plist;
				LD_RUNPATH_SEARCH_PATHS = "$(inherited) @executable_path/Frameworks @loader_path/Frameworks";
				PRODUCT_BUNDLE_IDENTIFIER = "com.xs.SJ-UtilityClassTests";
				PRODUCT_NAME = "$(TARGET_NAME)";
				TEST_HOST = "$(BUILT_PRODUCTS_DIR)/SJ_UtilityClass.app/SJ_UtilityClass";
			};
			name = Release;
		};
		09B1C8ED1D2E43B80091D414 /* Debug */ = {
			isa = XCBuildConfiguration;
			buildSettings = {
				INFOPLIST_FILE = SJ_UtilityClassUITests/Info.plist;
				LD_RUNPATH_SEARCH_PATHS = "$(inherited) @executable_path/Frameworks @loader_path/Frameworks";
				PRODUCT_BUNDLE_IDENTIFIER = "com.xs.SJ-UtilityClassUITests";
				PRODUCT_NAME = "$(TARGET_NAME)";
				TEST_TARGET_NAME = SJ_UtilityClass;
			};
			name = Debug;
		};
		09B1C8EE1D2E43B80091D414 /* Release */ = {
			isa = XCBuildConfiguration;
			buildSettings = {
				INFOPLIST_FILE = SJ_UtilityClassUITests/Info.plist;
				LD_RUNPATH_SEARCH_PATHS = "$(inherited) @executable_path/Frameworks @loader_path/Frameworks";
				PRODUCT_BUNDLE_IDENTIFIER = "com.xs.SJ-UtilityClassUITests";
				PRODUCT_NAME = "$(TARGET_NAME)";
				TEST_TARGET_NAME = SJ_UtilityClass;
			};
			name = Release;
		};
/* End XCBuildConfiguration section */

/* Begin XCConfigurationList section */
		09B1C8B41D2E43B80091D414 /* Build configuration list for PBXProject "SJ_UtilityClass" */ = {
			isa = XCConfigurationList;
			buildConfigurations = (
				09B1C8E41D2E43B80091D414 /* Debug */,
				09B1C8E51D2E43B80091D414 /* Release */,
			);
			defaultConfigurationIsVisible = 0;
			defaultConfigurationName = Release;
		};
		09B1C8E61D2E43B80091D414 /* Build configuration list for PBXNativeTarget "SJ_UtilityClass" */ = {
			isa = XCConfigurationList;
			buildConfigurations = (
				09B1C8E71D2E43B80091D414 /* Debug */,
				09B1C8E81D2E43B80091D414 /* Release */,
			);
			defaultConfigurationIsVisible = 0;
		};
		09B1C8E91D2E43B80091D414 /* Build configuration list for PBXNativeTarget "SJ_UtilityClassTests" */ = {
			isa = XCConfigurationList;
			buildConfigurations = (
				09B1C8EA1D2E43B80091D414 /* Debug */,
				09B1C8EB1D2E43B80091D414 /* Release */,
			);
			defaultConfigurationIsVisible = 0;
		};
		09B1C8EC1D2E43B80091D414 /* Build configuration list for PBXNativeTarget "SJ_UtilityClassUITests" */ = {
			isa = XCConfigurationList;
			buildConfigurations = (
				09B1C8ED1D2E43B80091D414 /* Debug */,
				09B1C8EE1D2E43B80091D414 /* Release */,
			);
			defaultConfigurationIsVisible = 0;
		};
/* End XCConfigurationList section */
	};
	rootObject = 09B1C8B11D2E43B80091D414 /* Project object */;
}
